{
  "version": 4,
  "terraform_version": "1.4.6",
  "serial": 7,
  "lineage": "ede2fb3b-80c9-5136-2bee-beab620ffc35",
  "outputs": {},
  "resources": [
    {
      "mode": "managed",
      "type": "aws_ec2_transit_gateway",
      "name": "test-tgw",
      "provider": "provider[\"registry.terraform.io/hashicorp/aws\"]",
      "instances": [
        {
          "schema_version": 0,
          "attributes": {
            "amazon_side_asn": 64512,
            "arn": "arn:aws:ec2:ap-northeast-2:746422414695:transit-gateway/tgw-0365bce2e1b0df142",
            "association_default_route_table_id": "tgw-rtb-027d93739ec12e8dc",
            "auto_accept_shared_attachments": "disable",
            "default_route_table_association": "enable",
            "default_route_table_propagation": "enable",
            "description": "Transit Gateway",
            "dns_support": "enable",
            "id": "tgw-0365bce2e1b0df142",
            "multicast_support": "disable",
            "owner_id": "746422414695",
            "propagation_default_route_table_id": "tgw-rtb-027d93739ec12e8dc",
            "tags": {
              "Name": "song-tgw"
            },
            "tags_all": {
              "Name": "song-tgw"
            },
            "timeouts": null,
            "transit_gateway_cidr_blocks": [],
            "vpn_ecmp_support": "enable"
          },
          "sensitive_attributes": [],
          "private": "eyJlMmJmYjczMC1lY2FhLTExZTYtOGY4OC0zNDM2M2JjN2M0YzAiOnsiY3JlYXRlIjo2MDAwMDAwMDAwMDAsImRlbGV0ZSI6NjAwMDAwMDAwMDAwLCJ1cGRhdGUiOjYwMDAwMDAwMDAwMH19"
        }
      ]
    },
    {
      "mode": "managed",
      "type": "aws_wafv2_ip_set",
      "name": "example",
      "provider": "provider[\"registry.terraform.io/hashicorp/aws\"]",
      "instances": [
        {
          "schema_version": 0,
          "attributes": {
            "addresses": [
              "127.0.0.1/32"
            ],
            "arn": "arn:aws:wafv2:ap-northeast-2:746422414695:regional/ipset/song-waf/9bf71310-e1bf-44f0-9bac-350af09bebf9",
            "description": "Example IP set",
            "id": "9bf71310-e1bf-44f0-9bac-350af09bebf9",
            "ip_address_version": "IPV4",
            "lock_token": "13a948ec-f4c5-4452-bdae-d6c4e2ebfc3a",
            "name": "song-waf",
            "scope": "REGIONAL",
            "tags": {},
            "tags_all": {}
          },
          "sensitive_attributes": [],
          "private": "bnVsbA=="
        }
      ]
    },
    {
      "mode": "managed",
      "type": "aws_wafv2_web_acl",
      "name": "example",
      "provider": "provider[\"registry.terraform.io/hashicorp/aws\"]",
      "instances": [
        {
          "schema_version": 0,
          "attributes": {
            "arn": "arn:aws:wafv2:ap-northeast-2:746422414695:regional/webacl/managed-rule-example/fe853893-6393-46ca-ba50-0fc7612d979d",
            "capacity": 701,
            "captcha_config": [],
            "custom_response_body": [],
            "default_action": [
              {
                "allow": [
                  {
                    "custom_request_handling": []
                  }
                ],
                "block": []
              }
            ],
            "description": "Example of a managed rule.",
            "id": "fe853893-6393-46ca-ba50-0fc7612d979d",
            "lock_token": "a5ac4ba4-5597-4393-933f-acf4e2ff318c",
            "name": "managed-rule-example",
            "rule": [
              {
                "action": [],
                "captcha_config": [],
                "name": "rule-1",
                "override_action": [
                  {
                    "count": [
                      {}
                    ],
                    "none": []
                  }
                ],
                "priority": 1,
                "rule_label": [],
                "statement": [
                  {
                    "and_statement": [],
                    "byte_match_statement": [],
                    "geo_match_statement": [],
                    "ip_set_reference_statement": [],
                    "label_match_statement": [],
                    "managed_rule_group_statement": [
                      {
                        "managed_rule_group_configs": [],
                        "name": "AWSManagedRulesCommonRuleSet",
                        "rule_action_override": [
                          {
                            "action_to_use": [
                              {
                                "allow": [],
                                "block": [],
                                "captcha": [],
                                "count": [
                                  {
                                    "custom_request_handling": []
                                  }
                                ]
                              }
                            ],
                            "name": "SizeRestrictions_QUERYSTRING"
                          },
                          {
                            "action_to_use": [
                              {
                                "allow": [],
                                "block": [],
                                "captcha": [],
                                "count": [
                                  {
                                    "custom_request_handling": []
                                  }
                                ]
                              }
                            ],
                            "name": "NoUserAgent_HEADER"
                          }
                        ],
                        "scope_down_statement": [
                          {
                            "and_statement": [],
                            "byte_match_statement": [],
                            "geo_match_statement": [
                              {
                                "country_codes": [
                                  "US",
                                  "NL"
                                ],
                                "forwarded_ip_config": []
                              }
                            ],
                            "ip_set_reference_statement": [],
                            "label_match_statement": [],
                            "not_statement": [],
                            "or_statement": [],
                            "regex_match_statement": [],
                            "regex_pattern_set_reference_statement": [],
                            "size_constraint_statement": [],
                            "sqli_match_statement": [],
                            "xss_match_statement": []
                          }
                        ],
                        "vendor_name": "AWS",
                        "version": ""
                      }
                    ],
                    "not_statement": [],
                    "or_statement": [],
                    "rate_based_statement": [],
                    "regex_match_statement": [],
                    "regex_pattern_set_reference_statement": [],
                    "rule_group_reference_statement": [],
                    "size_constraint_statement": [],
                    "sqli_match_statement": [],
                    "xss_match_statement": []
                  }
                ],
                "visibility_config": [
                  {
                    "cloudwatch_metrics_enabled": false,
                    "metric_name": "friendly-rule-metric-name",
                    "sampled_requests_enabled": false
                  }
                ]
              }
            ],
            "scope": "REGIONAL",
            "tags": {},
            "tags_all": {},
            "token_domains": [],
            "visibility_config": [
              {
                "cloudwatch_metrics_enabled": false,
                "metric_name": "friendly-metric-name",
                "sampled_requests_enabled": false
              }
            ]
          },
          "sensitive_attributes": [],
          "private": "bnVsbA=="
        }
      ]
    }
  ],
  "check_results": null
}
