{
  "version": 4,
  "terraform_version": "1.4.6",
  "serial": 20,
  "lineage": "ede2fb3b-80c9-5136-2bee-beab620ffc35",
  "outputs": {},
  "resources": [
    {
      "mode": "data",
      "type": "aws_instances",
      "name": "ec2_list",
      "provider": "provider[\"registry.terraform.io/hashicorp/aws\"]",
      "instances": [
        {
          "schema_version": 0,
          "attributes": {
            "filter": null,
            "id": "ap-northeast-2",
            "ids": [
              "i-0b5ac282645e57613",
              "i-0e2b5e77b80116723",
              "i-0847aaae60b05e018",
              "i-0643beb650a5fb5bb"
            ],
            "instance_state_names": [
              "running"
            ],
            "instance_tags": null,
            "ipv6_addresses": [],
            "private_ips": [
              "172.31.38.202",
              "10.0.22.8",
              "10.0.11.56",
              "10.0.1.44"
            ],
            "public_ips": [
              "3.39.233.75",
              "43.201.107.198",
              "13.125.228.134",
              "43.201.148.237"
            ],
            "timeouts": null
          },
          "sensitive_attributes": []
        }
      ]
    },
    {
      "mode": "managed",
      "type": "aws_autoscaling_group",
      "name": "autoscaling_group",
      "provider": "provider[\"registry.terraform.io/hashicorp/aws\"]",
      "instances": []
    },
    {
      "mode": "managed",
      "type": "aws_ec2_transit_gateway",
      "name": "test-tgw",
      "provider": "provider[\"registry.terraform.io/hashicorp/aws\"]",
      "instances": []
    },
    {
      "mode": "managed",
      "type": "aws_lb",
      "name": "alb",
      "provider": "provider[\"registry.terraform.io/hashicorp/aws\"]",
      "instances": []
    },
    {
      "mode": "managed",
      "type": "aws_lb_listener",
      "name": "listener",
      "provider": "provider[\"registry.terraform.io/hashicorp/aws\"]",
      "instances": []
    },
    {
      "mode": "managed",
      "type": "aws_lb_target_group",
      "name": "target_group",
      "provider": "provider[\"registry.terraform.io/hashicorp/aws\"]",
      "instances": []
    },
    {
      "mode": "managed",
      "type": "aws_lb_target_group_attachment",
      "name": "targetgroupAttach",
      "provider": "provider[\"registry.terraform.io/hashicorp/aws\"]",
      "instances": []
    },
    {
      "mode": "managed",
      "type": "aws_security_group",
      "name": "elb_sg",
      "provider": "provider[\"registry.terraform.io/hashicorp/aws\"]",
      "instances": []
    },
    {
      "mode": "managed",
      "type": "aws_wafv2_ip_set",
      "name": "example",
      "provider": "provider[\"registry.terraform.io/hashicorp/aws\"]",
      "instances": [
        {
          "schema_version": 0,
          "attributes": {
            "addresses": [
              "127.0.0.1/32"
            ],
            "arn": "arn:aws:wafv2:ap-northeast-2:746422414695:regional/ipset/song-waf/e6529ed1-ec87-4697-83c5-dfe224ee16a0",
            "description": "Example IP set",
            "id": "e6529ed1-ec87-4697-83c5-dfe224ee16a0",
            "ip_address_version": "IPV4",
            "lock_token": "cb22ed52-f0e4-4978-a3c2-f20af6e2d323",
            "name": "song-waf",
            "scope": "REGIONAL",
            "tags": {},
            "tags_all": {}
          },
          "sensitive_attributes": [],
          "private": "bnVsbA=="
        }
      ]
    },
    {
      "mode": "managed",
      "type": "aws_wafv2_web_acl",
      "name": "example",
      "provider": "provider[\"registry.terraform.io/hashicorp/aws\"]",
      "instances": []
    }
  ],
  "check_results": null
}
